
Microsoft Visual Studio Solution File, Format Version 12.00
# Visual Studio Version 16
VisualStudioVersion = 25.0.1704.3
MinimumVisualStudioVersion = 10.0.40219.1
Project("{FAE04EC0-301F-11D3-BF4B-00C04F79EFBC}") = "ConsoleUI", "ConsoleUI.csproj", "{D3F81425-E819-45B0-A35E-50CDD28A5C7F}"
EndProject
Global
	GlobalSection(SolutionConfigurationPlatforms) = preSolution
		Debug|Any CPU = Debug|Any CPU
		Release|Any CPU = Release|Any CPU
	EndGlobalSection
	GlobalSection(ProjectConfigurationPlatforms) = postSolution
		{D3F81425-E819-45B0-A35E-50CDD28A5C7F}.Debug|Any CPU.ActiveCfg = Debug|Any CPU
		{D3F81425-E819-45B0-A35E-50CDD28A5C7F}.Debug|Any CPU.Build.0 = Debug|Any CPU
		{D3F81425-E819-45B0-A35E-50CDD28A5C7F}.Release|Any CPU.ActiveCfg = Release|Any CPU
		{D3F81425-E819-45B0-A35E-50CDD28A5C7F}.Release|Any CPU.Build.0 = Release|Any CPU
	EndGlobalSection
	GlobalSection(SolutionProperties) = preSolution
		HideSolutionNode = FALSE
	EndGlobalSection
	GlobalSection(ExtensibilityGlobals) = postSolution
		SolutionGuid = {DA60AFE5-789B-4605-8C36-74150746790D}
	EndGlobalSection
EndGlobal
